github.com/gordonklaus/portaudio v0.0.0-20180817120803-00e7307ccd93 h1:TSG+DyZBnazM22ZHyHLeUkzM34ClkJRjIWHTq4btvek=
github.com/gordonklaus/portaudio v0.0.0-20180817120803-00e7307ccd93/go.mod h1:HfYnZi/ARQKG0dwH5HNDmPCHdLiFiBf+SI7DbhW7et4=
github.com/mjibson/go-dsp v0.0.0-20180508042940-11479a337f12 h1:dd7vnTDfjtwCETZDrRe+GPYNLA1jBtbZeyfyE8eZCyk=
github.com/mjibson/go-dsp v0.0.0-20180508042940-11479a337f12/go.mod h1:i/KKcxEWEO8Yyl11DYafRPKOPVYTrhxiTRigjtEEXZU=
